// !$*UTF8*$!
{
	archiveVersion = 1;
	classes = {
	};
	objectVersion = 50;
	objects = {

/* Begin PBXBuildFile section */
		953CBE6322A0ACD1003868AB /* testTMP.cpp in Sources */ = {isa = PBXBuildFile; fileRef = 953CBE6122A0ACD1003868AB /* testTMP.cpp */; };
		953CBE6722A0B1B2003868AB /* command.cpp in Sources */ = {isa = PBXBuildFile; fileRef = 953CBE6622A0B1B2003868AB /* command.cpp */; };
		953CBE6A22A0B21F003868AB /* receiver.cpp in Sources */ = {isa = PBXBuildFile; fileRef = 953CBE6822A0B21F003868AB /* receiver.cpp */; };
		953CBE7022A0B54B003868AB /* invoker.cpp in Sources */ = {isa = PBXBuildFile; fileRef = 953CBE6E22A0B54B003868AB /* invoker.cpp */; };
		953CBE7322A0B5C8003868AB /* testCommandP.cpp in Sources */ = {isa = PBXBuildFile; fileRef = 953CBE7122A0B5C8003868AB /* testCommandP.cpp */; };
		953CBE7B22A0B8DA003868AB /* testObserverP.cpp in Sources */ = {isa = PBXBuildFile; fileRef = 953CBE7922A0B8DA003868AB /* testObserverP.cpp */; };
		9543CBAB22A5CA9F0058558D /* testStrategyP.cpp in Sources */ = {isa = PBXBuildFile; fileRef = 9543CBA922A5CA9F0058558D /* testStrategyP.cpp */; };
		9543CBB122A5CD080058558D /* testChainRP.cpp in Sources */ = {isa = PBXBuildFile; fileRef = 9543CBAF22A5CD080058558D /* testChainRP.cpp */; };
		9543CBBA22A5CF7D0058558D /* testVP.cpp in Sources */ = {isa = PBXBuildFile; fileRef = 9543CBB822A5CF7D0058558D /* testVP.cpp */; };
		9547E1AB22A484A500DBF264 /* testIP.cpp in Sources */ = {isa = PBXBuildFile; fileRef = 9547E1A922A484A500DBF264 /* testIP.cpp */; };
		9547E1B422A4879E00DBF264 /* testMP.cpp in Sources */ = {isa = PBXBuildFile; fileRef = 9547E1B222A4879E00DBF264 /* testMP.cpp */; };
		9547E1BB22A48A1700DBF264 /* testMementoP.cpp in Sources */ = {isa = PBXBuildFile; fileRef = 9547E1B922A48A1700DBF264 /* testMementoP.cpp */; };
		9547E1C122A48C3A00DBF264 /* concrete_state.cpp in Sources */ = {isa = PBXBuildFile; fileRef = 9547E1C022A48C3A00DBF264 /* concrete_state.cpp */; };
		9547E1C422A48C9D00DBF264 /* testSP.cpp in Sources */ = {isa = PBXBuildFile; fileRef = 9547E1C222A48C9D00DBF264 /* testSP.cpp */; };
		955D30DC229F6F7700BF9583 /* testPP.cpp in Sources */ = {isa = PBXBuildFile; fileRef = 955D30DA229F6F7700BF9583 /* testPP.cpp */; };
		9578FB10229F5B22008135B3 /* testFP.cpp in Sources */ = {isa = PBXBuildFile; fileRef = 9578FB0E229F5B22008135B3 /* testFP.cpp */; };
		9578FB17229F5FC9008135B3 /* testFlyweight.cpp in Sources */ = {isa = PBXBuildFile; fileRef = 9578FB15229F5FC9008135B3 /* testFlyweight.cpp */; };
		95A195ED229CB69500B8CC52 /* main.cpp in Sources */ = {isa = PBXBuildFile; fileRef = 95A195EC229CB69500B8CC52 /* main.cpp */; };
		95A195F9229CBB4F00B8CC52 /* testAP.cpp in Sources */ = {isa = PBXBuildFile; fileRef = 95A195F7229CBB4F00B8CC52 /* testAP.cpp */; };
		95A19602229CD19C00B8CC52 /* testBF.cpp in Sources */ = {isa = PBXBuildFile; fileRef = 95A19600229CD19C00B8CC52 /* testBF.cpp */; };
		95A19612229CD8B700B8CC52 /* testDP.cpp in Sources */ = {isa = PBXBuildFile; fileRef = 95A19610229CD8B700B8CC52 /* testDP.cpp */; };
		95EE9F2A229E0F5500E2A21D /* testCPT.cpp in Sources */ = {isa = PBXBuildFile; fileRef = 95EE9F28229E0F5500E2A21D /* testCPT.cpp */; };
/* End PBXBuildFile section */

/* Begin PBXCopyFilesBuildPhase section */
		95A195E7229CB69500B8CC52 /* CopyFiles */ = {
			isa = PBXCopyFilesBuildPhase;
			buildActionMask = 2147483647;
			dstPath = /usr/share/man/man1/;
			dstSubfolderSpec = 0;
			files = (
			);
			runOnlyForDeploymentPostprocessing = 1;
		};
/* End PBXCopyFilesBuildPhase section */

/* Begin PBXFileReference section */
		953CBE5F22A0ABF8003868AB /* abstract_class.h */ = {isa = PBXFileReference; lastKnownFileType = sourcecode.c.h; path = abstract_class.h; sourceTree = "<group>"; };
		953CBE6022A0AC7D003868AB /* concrete_class.h */ = {isa = PBXFileReference; lastKnownFileType = sourcecode.c.h; path = concrete_class.h; sourceTree = "<group>"; };
		953CBE6122A0ACD1003868AB /* testTMP.cpp */ = {isa = PBXFileReference; lastKnownFileType = sourcecode.cpp.cpp; path = testTMP.cpp; sourceTree = "<group>"; };
		953CBE6222A0ACD1003868AB /* testTMP.hpp */ = {isa = PBXFileReference; lastKnownFileType = sourcecode.cpp.h; path = testTMP.hpp; sourceTree = "<group>"; };
		953CBE6522A0B118003868AB /* command.h */ = {isa = PBXFileReference; lastKnownFileType = sourcecode.c.h; path = command.h; sourceTree = "<group>"; };
		953CBE6622A0B1B2003868AB /* command.cpp */ = {isa = PBXFileReference; lastKnownFileType = sourcecode.cpp.cpp; path = command.cpp; sourceTree = "<group>"; };
		953CBE6822A0B21F003868AB /* receiver.cpp */ = {isa = PBXFileReference; lastKnownFileType = sourcecode.cpp.cpp; path = receiver.cpp; sourceTree = "<group>"; };
		953CBE6922A0B21F003868AB /* receiver.hpp */ = {isa = PBXFileReference; lastKnownFileType = sourcecode.cpp.h; path = receiver.hpp; sourceTree = "<group>"; };
		953CBE6E22A0B54B003868AB /* invoker.cpp */ = {isa = PBXFileReference; lastKnownFileType = sourcecode.cpp.cpp; path = invoker.cpp; sourceTree = "<group>"; };
		953CBE6F22A0B54B003868AB /* invoker.hpp */ = {isa = PBXFileReference; lastKnownFileType = sourcecode.cpp.h; path = invoker.hpp; sourceTree = "<group>"; };
		953CBE7122A0B5C8003868AB /* testCommandP.cpp */ = {isa = PBXFileReference; lastKnownFileType = sourcecode.cpp.cpp; path = testCommandP.cpp; sourceTree = "<group>"; };
		953CBE7222A0B5C8003868AB /* testCommandP.hpp */ = {isa = PBXFileReference; lastKnownFileType = sourcecode.cpp.h; path = testCommandP.hpp; sourceTree = "<group>"; };
		953CBE7522A0B7EF003868AB /* subject.h */ = {isa = PBXFileReference; lastKnownFileType = sourcecode.c.h; path = subject.h; sourceTree = "<group>"; };
		953CBE7622A0B839003868AB /* concrete_subject.h */ = {isa = PBXFileReference; lastKnownFileType = sourcecode.c.h; path = concrete_subject.h; sourceTree = "<group>"; };
		953CBE7722A0B882003868AB /* observer.h */ = {isa = PBXFileReference; lastKnownFileType = sourcecode.c.h; path = observer.h; sourceTree = "<group>"; };
		953CBE7822A0B8A2003868AB /* concrete_observer.h */ = {isa = PBXFileReference; lastKnownFileType = sourcecode.c.h; path = concrete_observer.h; sourceTree = "<group>"; };
		953CBE7922A0B8DA003868AB /* testObserverP.cpp */ = {isa = PBXFileReference; lastKnownFileType = sourcecode.cpp.cpp; path = testObserverP.cpp; sourceTree = "<group>"; };
		953CBE7A22A0B8DA003868AB /* testObserverP.hpp */ = {isa = PBXFileReference; lastKnownFileType = sourcecode.cpp.h; path = testObserverP.hpp; sourceTree = "<group>"; };
		9543CBA622A5CA0F0058558D /* strategy.h */ = {isa = PBXFileReference; lastKnownFileType = sourcecode.c.h; path = strategy.h; sourceTree = "<group>"; };
		9543CBA722A5CA3B0058558D /* concrete_strategy.h */ = {isa = PBXFileReference; lastKnownFileType = sourcecode.c.h; path = concrete_strategy.h; sourceTree = "<group>"; };
		9543CBA822A5CA6F0058558D /* context.h */ = {isa = PBXFileReference; lastKnownFileType = sourcecode.c.h; path = context.h; sourceTree = "<group>"; };
		9543CBA922A5CA9F0058558D /* testStrategyP.cpp */ = {isa = PBXFileReference; lastKnownFileType = sourcecode.cpp.cpp; path = testStrategyP.cpp; sourceTree = "<group>"; };
		9543CBAA22A5CA9F0058558D /* testStrategyP.hpp */ = {isa = PBXFileReference; lastKnownFileType = sourcecode.cpp.h; path = testStrategyP.hpp; sourceTree = "<group>"; };
		9543CBAD22A5CC560058558D /* handler.h */ = {isa = PBXFileReference; lastKnownFileType = sourcecode.c.h; path = handler.h; sourceTree = "<group>"; };
		9543CBAE22A5CC950058558D /* concrete_handler.h */ = {isa = PBXFileReference; lastKnownFileType = sourcecode.c.h; path = concrete_handler.h; sourceTree = "<group>"; };
		9543CBAF22A5CD080058558D /* testChainRP.cpp */ = {isa = PBXFileReference; lastKnownFileType = sourcecode.cpp.cpp; path = testChainRP.cpp; sourceTree = "<group>"; };
		9543CBB022A5CD080058558D /* testChainRP.hpp */ = {isa = PBXFileReference; lastKnownFileType = sourcecode.cpp.h; path = testChainRP.hpp; sourceTree = "<group>"; };
		9543CBB322A5CE470058558D /* visitor.h */ = {isa = PBXFileReference; lastKnownFileType = sourcecode.c.h; path = visitor.h; sourceTree = "<group>"; };
		9543CBB422A5CE840058558D /* concrete_visitor.h */ = {isa = PBXFileReference; lastKnownFileType = sourcecode.c.h; path = concrete_visitor.h; sourceTree = "<group>"; };
		9543CBB522A5CED90058558D /* element.h */ = {isa = PBXFileReference; lastKnownFileType = sourcecode.c.h; path = element.h; sourceTree = "<group>"; };
		9543CBB622A5CF060058558D /* concrete_element.h */ = {isa = PBXFileReference; lastKnownFileType = sourcecode.c.h; path = concrete_element.h; sourceTree = "<group>"; };
		9543CBB722A5CF390058558D /* object_structure.h */ = {isa = PBXFileReference; lastKnownFileType = sourcecode.c.h; path = object_structure.h; sourceTree = "<group>"; };
		9543CBB822A5CF7D0058558D /* testVP.cpp */ = {isa = PBXFileReference; lastKnownFileType = sourcecode.cpp.cpp; path = testVP.cpp; sourceTree = "<group>"; };
		9543CBB922A5CF7D0058558D /* testVP.hpp */ = {isa = PBXFileReference; lastKnownFileType = sourcecode.cpp.h; path = testVP.hpp; sourceTree = "<group>"; };
		9547E1A922A484A500DBF264 /* testIP.cpp */ = {isa = PBXFileReference; lastKnownFileType = sourcecode.cpp.cpp; path = testIP.cpp; sourceTree = "<group>"; };
		9547E1AA22A484A500DBF264 /* testIP.hpp */ = {isa = PBXFileReference; lastKnownFileType = sourcecode.cpp.h; path = testIP.hpp; sourceTree = "<group>"; };
		9547E1AC22A484F000DBF264 /* DataItem.h */ = {isa = PBXFileReference; lastKnownFileType = sourcecode.c.h; path = DataItem.h; sourceTree = "<group>"; };
		9547E1AE22A4863300DBF264 /* mediator.h */ = {isa = PBXFileReference; lastKnownFileType = sourcecode.c.h; path = mediator.h; sourceTree = "<group>"; };
		9547E1AF22A4869E00DBF264 /* concrete_mediator.h */ = {isa = PBXFileReference; lastKnownFileType = sourcecode.c.h; path = concrete_mediator.h; sourceTree = "<group>"; };
		9547E1B022A4870300DBF264 /* colleague.h */ = {isa = PBXFileReference; lastKnownFileType = sourcecode.c.h; path = colleague.h; sourceTree = "<group>"; };
		9547E1B122A4873F00DBF264 /* concrete_colleague.h */ = {isa = PBXFileReference; lastKnownFileType = sourcecode.c.h; path = concrete_colleague.h; sourceTree = "<group>"; };
		9547E1B222A4879E00DBF264 /* testMP.cpp */ = {isa = PBXFileReference; lastKnownFileType = sourcecode.cpp.cpp; path = testMP.cpp; sourceTree = "<group>"; };
		9547E1B322A4879E00DBF264 /* testMP.hpp */ = {isa = PBXFileReference; lastKnownFileType = sourcecode.cpp.h; path = testMP.hpp; sourceTree = "<group>"; };
		9547E1B622A4891D00DBF264 /* memento.h */ = {isa = PBXFileReference; lastKnownFileType = sourcecode.c.h; path = memento.h; sourceTree = "<group>"; };
		9547E1B722A4894F00DBF264 /* originator.h */ = {isa = PBXFileReference; lastKnownFileType = sourcecode.c.h; path = originator.h; sourceTree = "<group>"; };
		9547E1B822A489AE00DBF264 /* care_taker.h */ = {isa = PBXFileReference; lastKnownFileType = sourcecode.c.h; path = care_taker.h; sourceTree = "<group>"; };
		9547E1B922A48A1700DBF264 /* testMementoP.cpp */ = {isa = PBXFileReference; lastKnownFileType = sourcecode.cpp.cpp; path = testMementoP.cpp; sourceTree = "<group>"; };
		9547E1BA22A48A1700DBF264 /* testMementoP.hpp */ = {isa = PBXFileReference; lastKnownFileType = sourcecode.cpp.h; path = testMementoP.hpp; sourceTree = "<group>"; };
		9547E1BD22A48B8C00DBF264 /* context.h */ = {isa = PBXFileReference; lastKnownFileType = sourcecode.c.h; path = context.h; sourceTree = "<group>"; };
		9547E1BE22A48BB600DBF264 /* state.h */ = {isa = PBXFileReference; lastKnownFileType = sourcecode.c.h; path = state.h; sourceTree = "<group>"; };
		9547E1BF22A48BE100DBF264 /* concrete_state.h */ = {isa = PBXFileReference; lastKnownFileType = sourcecode.c.h; path = concrete_state.h; sourceTree = "<group>"; };
		9547E1C022A48C3A00DBF264 /* concrete_state.cpp */ = {isa = PBXFileReference; lastKnownFileType = sourcecode.cpp.cpp; path = concrete_state.cpp; sourceTree = "<group>"; };
		9547E1C222A48C9D00DBF264 /* testSP.cpp */ = {isa = PBXFileReference; lastKnownFileType = sourcecode.cpp.cpp; path = testSP.cpp; sourceTree = "<group>"; };
		9547E1C322A48C9D00DBF264 /* testSP.hpp */ = {isa = PBXFileReference; lastKnownFileType = sourcecode.cpp.h; path = testSP.hpp; sourceTree = "<group>"; };
		955D30D7229F6EBF00BF9583 /* subject.h */ = {isa = PBXFileReference; lastKnownFileType = sourcecode.c.h; path = subject.h; sourceTree = "<group>"; };
		955D30D8229F6EED00BF9583 /* real_subject.h */ = {isa = PBXFileReference; lastKnownFileType = sourcecode.c.h; path = real_subject.h; sourceTree = "<group>"; };
		955D30D9229F6F3800BF9583 /* proxy.h */ = {isa = PBXFileReference; lastKnownFileType = sourcecode.c.h; path = proxy.h; sourceTree = "<group>"; };
		955D30DA229F6F7700BF9583 /* testPP.cpp */ = {isa = PBXFileReference; lastKnownFileType = sourcecode.cpp.cpp; path = testPP.cpp; sourceTree = "<group>"; };
		955D30DB229F6F7700BF9583 /* testPP.hpp */ = {isa = PBXFileReference; lastKnownFileType = sourcecode.cpp.h; path = testPP.hpp; sourceTree = "<group>"; };
		9578FB0C229F57D3008135B3 /* sub_system.h */ = {isa = PBXFileReference; lastKnownFileType = sourcecode.c.h; path = sub_system.h; sourceTree = "<group>"; };
		9578FB0D229F5A84008135B3 /* facade.h */ = {isa = PBXFileReference; lastKnownFileType = sourcecode.c.h; path = facade.h; sourceTree = "<group>"; };
		9578FB0E229F5B22008135B3 /* testFP.cpp */ = {isa = PBXFileReference; lastKnownFileType = sourcecode.cpp.cpp; path = testFP.cpp; sourceTree = "<group>"; };
		9578FB0F229F5B22008135B3 /* testFP.hpp */ = {isa = PBXFileReference; lastKnownFileType = sourcecode.cpp.h; path = testFP.hpp; sourceTree = "<group>"; };
		9578FB12229F5E1C008135B3 /* flyweight.h */ = {isa = PBXFileReference; lastKnownFileType = sourcecode.c.h; path = flyweight.h; sourceTree = "<group>"; };
		9578FB13229F5EF7008135B3 /* concrete_flyweight.h */ = {isa = PBXFileReference; lastKnownFileType = sourcecode.c.h; path = concrete_flyweight.h; sourceTree = "<group>"; };
		9578FB14229F5F71008135B3 /* flyweight_factory.h */ = {isa = PBXFileReference; lastKnownFileType = sourcecode.c.h; path = flyweight_factory.h; sourceTree = "<group>"; };
		9578FB15229F5FC9008135B3 /* testFlyweight.cpp */ = {isa = PBXFileReference; lastKnownFileType = sourcecode.cpp.cpp; path = testFlyweight.cpp; sourceTree = "<group>"; };
		9578FB16229F5FC9008135B3 /* testFlyweight.hpp */ = {isa = PBXFileReference; lastKnownFileType = sourcecode.cpp.h; path = testFlyweight.hpp; sourceTree = "<group>"; };
		95A195E9229CB69500B8CC52 /* designPattern2 */ = {isa = PBXFileReference; explicitFileType = "compiled.mach-o.executable"; includeInIndex = 0; path = designPattern2; sourceTree = BUILT_PRODUCTS_DIR; };
		95A195EC229CB69500B8CC52 /* main.cpp */ = {isa = PBXFileReference; fileEncoding = 4; lastKnownFileType = sourcecode.cpp.cpp; lineEnding = 0; path = main.cpp; sourceTree = "<group>"; };
		95A195F4229CB85800B8CC52 /* target.h */ = {isa = PBXFileReference; lastKnownFileType = sourcecode.c.h; path = target.h; sourceTree = "<group>"; };
		95A195F5229CB8B400B8CC52 /* adaptee.h */ = {isa = PBXFileReference; lastKnownFileType = sourcecode.c.h; path = adaptee.h; sourceTree = "<group>"; };
		95A195F6229CB94300B8CC52 /* adapter.h */ = {isa = PBXFileReference; lastKnownFileType = sourcecode.c.h; path = adapter.h; sourceTree = "<group>"; };
		95A195F7229CBB4F00B8CC52 /* testAP.cpp */ = {isa = PBXFileReference; lastKnownFileType = sourcecode.cpp.cpp; path = testAP.cpp; sourceTree = "<group>"; };
		95A195F8229CBB4F00B8CC52 /* testAP.hpp */ = {isa = PBXFileReference; lastKnownFileType = sourcecode.cpp.h; path = testAP.hpp; sourceTree = "<group>"; };
		95A195FC229CCB3700B8CC52 /* implementor.h */ = {isa = PBXFileReference; lastKnownFileType = sourcecode.c.h; path = implementor.h; sourceTree = "<group>"; };
		95A195FD229CCC3400B8CC52 /* concrete_implementor.h */ = {isa = PBXFileReference; lastKnownFileType = sourcecode.c.h; path = concrete_implementor.h; sourceTree = "<group>"; };
		95A195FE229CCDAC00B8CC52 /* abstraction.h */ = {isa = PBXFileReference; lastKnownFileType = sourcecode.c.h; path = abstraction.h; sourceTree = "<group>"; };
		95A195FF229CCE6200B8CC52 /* refined_abstraction.h */ = {isa = PBXFileReference; lastKnownFileType = sourcecode.c.h; path = refined_abstraction.h; sourceTree = "<group>"; };
		95A19600229CD19C00B8CC52 /* testBF.cpp */ = {isa = PBXFileReference; lastKnownFileType = sourcecode.cpp.cpp; path = testBF.cpp; sourceTree = "<group>"; };
		95A19601229CD19C00B8CC52 /* testBF.hpp */ = {isa = PBXFileReference; lastKnownFileType = sourcecode.cpp.h; path = testBF.hpp; sourceTree = "<group>"; };
		95A19605229CD54B00B8CC52 /* component.hpp */ = {isa = PBXFileReference; lastKnownFileType = sourcecode.cpp.h; path = component.hpp; sourceTree = "<group>"; };
		95A19608229CD5E300B8CC52 /* concrete_component.hpp */ = {isa = PBXFileReference; lastKnownFileType = sourcecode.cpp.h; path = concrete_component.hpp; sourceTree = "<group>"; };
		95A1960B229CD6F700B8CC52 /* decorator.hpp */ = {isa = PBXFileReference; lastKnownFileType = sourcecode.cpp.h; path = decorator.hpp; sourceTree = "<group>"; };
		95A1960E229CD85500B8CC52 /* concrete_decorator.hpp */ = {isa = PBXFileReference; lastKnownFileType = sourcecode.cpp.h; path = concrete_decorator.hpp; sourceTree = "<group>"; };
		95A19610229CD8B700B8CC52 /* testDP.cpp */ = {isa = PBXFileReference; lastKnownFileType = sourcecode.cpp.cpp; path = testDP.cpp; sourceTree = "<group>"; };
		95A19611229CD8B700B8CC52 /* testDP.hpp */ = {isa = PBXFileReference; lastKnownFileType = sourcecode.cpp.h; path = testDP.hpp; sourceTree = "<group>"; };
		95EE9F24229E083E00E2A21D /* component.h */ = {isa = PBXFileReference; lastKnownFileType = sourcecode.c.h; path = component.h; sourceTree = "<group>"; };
		95EE9F25229E0A8D00E2A21D /* leaf.h */ = {isa = PBXFileReference; lastKnownFileType = sourcecode.c.h; path = leaf.h; sourceTree = "<group>"; };
		95EE9F26229E0C0A00E2A21D /* composite.h */ = {isa = PBXFileReference; lastKnownFileType = sourcecode.c.h; path = composite.h; sourceTree = "<group>"; };
		95EE9F28229E0F5500E2A21D /* testCPT.cpp */ = {isa = PBXFileReference; lastKnownFileType = sourcecode.cpp.cpp; path = testCPT.cpp; sourceTree = "<group>"; };
		95EE9F29229E0F5500E2A21D /* testCPT.hpp */ = {isa = PBXFileReference; lastKnownFileType = sourcecode.cpp.h; path = testCPT.hpp; sourceTree = "<group>"; };
		95EE9F2C229E14E300E2A21D /* component.h */ = {isa = PBXFileReference; lastKnownFileType = sourcecode.c.h; path = component.h; sourceTree = "<group>"; };
		95EE9F2D229E150F00E2A21D /* leaf.h */ = {isa = PBXFileReference; lastKnownFileType = sourcecode.c.h; path = leaf.h; sourceTree = "<group>"; };
/* End PBXFileReference section */

/* Begin PBXFrameworksBuildPhase section */
		95A195E6229CB69500B8CC52 /* Frameworks */ = {
			isa = PBXFrameworksBuildPhase;
			buildActionMask = 2147483647;
			files = (
			);
			runOnlyForDeploymentPostprocessing = 0;
		};
/* End PBXFrameworksBuildPhase section */

/* Begin PBXGroup section */
		953CBE5E22A0AB4E003868AB /* TemplateMethodPattern */ = {
			isa = PBXGroup;
			children = (
				953CBE5F22A0ABF8003868AB /* abstract_class.h */,
				953CBE6022A0AC7D003868AB /* concrete_class.h */,
				953CBE6122A0ACD1003868AB /* testTMP.cpp */,
				953CBE6222A0ACD1003868AB /* testTMP.hpp */,
			);
			path = TemplateMethodPattern;
			sourceTree = "<group>";
		};
		953CBE6422A0AE1D003868AB /* CommandPattern */ = {
			isa = PBXGroup;
			children = (
				953CBE6522A0B118003868AB /* command.h */,
				953CBE6622A0B1B2003868AB /* command.cpp */,
				953CBE6822A0B21F003868AB /* receiver.cpp */,
				953CBE6922A0B21F003868AB /* receiver.hpp */,
				953CBE6E22A0B54B003868AB /* invoker.cpp */,
				953CBE6F22A0B54B003868AB /* invoker.hpp */,
				953CBE7122A0B5C8003868AB /* testCommandP.cpp */,
				953CBE7222A0B5C8003868AB /* testCommandP.hpp */,
			);
			path = CommandPattern;
			sourceTree = "<group>";
		};
		953CBE7422A0B74F003868AB /* ObservePattern */ = {
			isa = PBXGroup;
			children = (
				953CBE7522A0B7EF003868AB /* subject.h */,
				953CBE7622A0B839003868AB /* concrete_subject.h */,
				953CBE7722A0B882003868AB /* observer.h */,
				953CBE7822A0B8A2003868AB /* concrete_observer.h */,
				953CBE7922A0B8DA003868AB /* testObserverP.cpp */,
				953CBE7A22A0B8DA003868AB /* testObserverP.hpp */,
			);
			path = ObservePattern;
			sourceTree = "<group>";
		};
		9543CBA522A5C9A90058558D /* StrategyPattern */ = {
			isa = PBXGroup;
			children = (
				9543CBA622A5CA0F0058558D /* strategy.h */,
				9543CBA722A5CA3B0058558D /* concrete_strategy.h */,
				9543CBA822A5CA6F0058558D /* context.h */,
				9543CBA922A5CA9F0058558D /* testStrategyP.cpp */,
				9543CBAA22A5CA9F0058558D /* testStrategyP.hpp */,
			);
			path = StrategyPattern;
			sourceTree = "<group>";
		};
		9543CBAC22A5CBDB0058558D /* ChainofResponsibilityPattern */ = {
			isa = PBXGroup;
			children = (
				9543CBAD22A5CC560058558D /* handler.h */,
				9543CBAE22A5CC950058558D /* concrete_handler.h */,
				9543CBAF22A5CD080058558D /* testChainRP.cpp */,
				9543CBB022A5CD080058558D /* testChainRP.hpp */,
			);
			path = ChainofResponsibilityPattern;
			sourceTree = "<group>";
		};
		9543CBB222A5CDCA0058558D /* VisitorPattern */ = {
			isa = PBXGroup;
			children = (
				9543CBB322A5CE470058558D /* visitor.h */,
				9543CBB422A5CE840058558D /* concrete_visitor.h */,
				9543CBB522A5CED90058558D /* element.h */,
				9543CBB622A5CF060058558D /* concrete_element.h */,
				9543CBB722A5CF390058558D /* object_structure.h */,
				9543CBB822A5CF7D0058558D /* testVP.cpp */,
				9543CBB922A5CF7D0058558D /* testVP.hpp */,
			);
			path = VisitorPattern;
			sourceTree = "<group>";
		};
		9547E1A822A4848200DBF264 /* IteratorPattern */ = {
			isa = PBXGroup;
			children = (
				9547E1A922A484A500DBF264 /* testIP.cpp */,
				9547E1AA22A484A500DBF264 /* testIP.hpp */,
				9547E1AC22A484F000DBF264 /* DataItem.h */,
			);
			path = IteratorPattern;
			sourceTree = "<group>";
		};
		9547E1AD22A485E100DBF264 /* MediatorPattern */ = {
			isa = PBXGroup;
			children = (
				9547E1AE22A4863300DBF264 /* mediator.h */,
				9547E1AF22A4869E00DBF264 /* concrete_mediator.h */,
				9547E1B022A4870300DBF264 /* colleague.h */,
				9547E1B122A4873F00DBF264 /* concrete_colleague.h */,
				9547E1B222A4879E00DBF264 /* testMP.cpp */,
				9547E1B322A4879E00DBF264 /* testMP.hpp */,
			);
			path = MediatorPattern;
			sourceTree = "<group>";
		};
		9547E1B522A488C300DBF264 /* MementoPattern */ = {
			isa = PBXGroup;
			children = (
				9547E1B622A4891D00DBF264 /* memento.h */,
				9547E1B722A4894F00DBF264 /* originator.h */,
				9547E1B822A489AE00DBF264 /* care_taker.h */,
				9547E1B922A48A1700DBF264 /* testMementoP.cpp */,
				9547E1BA22A48A1700DBF264 /* testMementoP.hpp */,
			);
			path = MementoPattern;
			sourceTree = "<group>";
		};
		9547E1BC22A48B5300DBF264 /* StatePattern */ = {
			isa = PBXGroup;
			children = (
				9547E1BD22A48B8C00DBF264 /* context.h */,
				9547E1BE22A48BB600DBF264 /* state.h */,
				9547E1BF22A48BE100DBF264 /* concrete_state.h */,
				9547E1C022A48C3A00DBF264 /* concrete_state.cpp */,
				9547E1C222A48C9D00DBF264 /* testSP.cpp */,
				9547E1C322A48C9D00DBF264 /* testSP.hpp */,
			);
			path = StatePattern;
			sourceTree = "<group>";
		};
		955D30D6229F6E5900BF9583 /* ProxyPattern */ = {
			isa = PBXGroup;
			children = (
				955D30D7229F6EBF00BF9583 /* subject.h */,
				955D30D8229F6EED00BF9583 /* real_subject.h */,
				955D30D9229F6F3800BF9583 /* proxy.h */,
				955D30DA229F6F7700BF9583 /* testPP.cpp */,
				955D30DB229F6F7700BF9583 /* testPP.hpp */,
			);
			path = ProxyPattern;
			sourceTree = "<group>";
		};
		9578FB0B229F57AD008135B3 /* FacadePattern */ = {
			isa = PBXGroup;
			children = (
				9578FB0C229F57D3008135B3 /* sub_system.h */,
				9578FB0D229F5A84008135B3 /* facade.h */,
				9578FB0E229F5B22008135B3 /* testFP.cpp */,
				9578FB0F229F5B22008135B3 /* testFP.hpp */,
			);
			path = FacadePattern;
			sourceTree = "<group>";
		};
		9578FB11229F5D83008135B3 /* FlyweightPattern */ = {
			isa = PBXGroup;
			children = (
				9578FB12229F5E1C008135B3 /* flyweight.h */,
				9578FB13229F5EF7008135B3 /* concrete_flyweight.h */,
				9578FB14229F5F71008135B3 /* flyweight_factory.h */,
				9578FB15229F5FC9008135B3 /* testFlyweight.cpp */,
				9578FB16229F5FC9008135B3 /* testFlyweight.hpp */,
			);
			path = FlyweightPattern;
			sourceTree = "<group>";
		};
		95A195E0229CB69500B8CC52 = {
			isa = PBXGroup;
			children = (
				95A195EB229CB69500B8CC52 /* designPattern2 */,
				95A195EA229CB69500B8CC52 /* Products */,
			);
			sourceTree = "<group>";
		};
		95A195EA229CB69500B8CC52 /* Products */ = {
			isa = PBXGroup;
			children = (
				95A195E9229CB69500B8CC52 /* designPattern2 */,
			);
			name = Products;
			sourceTree = "<group>";
		};
		95A195EB229CB69500B8CC52 /* designPattern2 */ = {
			isa = PBXGroup;
			children = (
				9543CBB222A5CDCA0058558D /* VisitorPattern */,
				9543CBAC22A5CBDB0058558D /* ChainofResponsibilityPattern */,
				9543CBA522A5C9A90058558D /* StrategyPattern */,
				9547E1BC22A48B5300DBF264 /* StatePattern */,
				9547E1B522A488C300DBF264 /* MementoPattern */,
				9547E1AD22A485E100DBF264 /* MediatorPattern */,
				9547E1A822A4848200DBF264 /* IteratorPattern */,
				953CBE7422A0B74F003868AB /* ObservePattern */,
				953CBE6422A0AE1D003868AB /* CommandPattern */,
				953CBE5E22A0AB4E003868AB /* TemplateMethodPattern */,
				955D30D6229F6E5900BF9583 /* ProxyPattern */,
				9578FB11229F5D83008135B3 /* FlyweightPattern */,
				9578FB0B229F57AD008135B3 /* FacadePattern */,
				95EE9F22229E078900E2A21D /* CompositePattern */,
				95A19603229CD4A600B8CC52 /* DecoratorPattern */,
				95A195FB229CCA8500B8CC52 /* BridgePattern */,
				95A195F3229CB82E00B8CC52 /* AdapterPattern */,
				95A195EC229CB69500B8CC52 /* main.cpp */,
			);
			path = designPattern2;
			sourceTree = "<group>";
		};
		95A195F3229CB82E00B8CC52 /* AdapterPattern */ = {
			isa = PBXGroup;
			children = (
				95A195F4229CB85800B8CC52 /* target.h */,
				95A195F5229CB8B400B8CC52 /* adaptee.h */,
				95A195F6229CB94300B8CC52 /* adapter.h */,
				95A195F7229CBB4F00B8CC52 /* testAP.cpp */,
				95A195F8229CBB4F00B8CC52 /* testAP.hpp */,
			);
			path = AdapterPattern;
			sourceTree = "<group>";
		};
		95A195FB229CCA8500B8CC52 /* BridgePattern */ = {
			isa = PBXGroup;
			children = (
				95A195FC229CCB3700B8CC52 /* implementor.h */,
				95A195FD229CCC3400B8CC52 /* concrete_implementor.h */,
				95A195FE229CCDAC00B8CC52 /* abstraction.h */,
				95A195FF229CCE6200B8CC52 /* refined_abstraction.h */,
				95A19600229CD19C00B8CC52 /* testBF.cpp */,
				95A19601229CD19C00B8CC52 /* testBF.hpp */,
			);
			path = BridgePattern;
			sourceTree = "<group>";
		};
		95A19603229CD4A600B8CC52 /* DecoratorPattern */ = {
			isa = PBXGroup;
			children = (
				95A19605229CD54B00B8CC52 /* component.hpp */,
				95A19608229CD5E300B8CC52 /* concrete_component.hpp */,
				95A1960B229CD6F700B8CC52 /* decorator.hpp */,
				95A1960E229CD85500B8CC52 /* concrete_decorator.hpp */,
				95A19610229CD8B700B8CC52 /* testDP.cpp */,
				95A19611229CD8B700B8CC52 /* testDP.hpp */,
			);
			path = DecoratorPattern;
			sourceTree = "<group>";
		};
		95EE9F22229E078900E2A21D /* CompositePattern */ = {
			isa = PBXGroup;
			children = (
				95EE9F2B229E14C700E2A21D /* Safe */,
				95EE9F23229E07C200E2A21D /* Transparent */,
			);
			path = CompositePattern;
			sourceTree = "<group>";
		};
		95EE9F23229E07C200E2A21D /* Transparent */ = {
			isa = PBXGroup;
			children = (
				95EE9F24229E083E00E2A21D /* component.h */,
				95EE9F25229E0A8D00E2A21D /* leaf.h */,
				95EE9F26229E0C0A00E2A21D /* composite.h */,
				95EE9F28229E0F5500E2A21D /* testCPT.cpp */,
				95EE9F29229E0F5500E2A21D /* testCPT.hpp */,
			);
			path = Transparent;
			sourceTree = "<group>";
		};
		95EE9F2B229E14C700E2A21D /* Safe */ = {
			isa = PBXGroup;
			children = (
				95EE9F2C229E14E300E2A21D /* component.h */,
				95EE9F2D229E150F00E2A21D /* leaf.h */,
			);
			path = Safe;
			sourceTree = "<group>";
		};
/* End PBXGroup section */

/* Begin PBXNativeTarget section */
		95A195E8229CB69500B8CC52 /* designPattern2 */ = {
			isa = PBXNativeTarget;
			buildConfigurationList = 95A195F0229CB69500B8CC52 /* Build configuration list for PBXNativeTarget "designPattern2" */;
			buildPhases = (
				95A195E5229CB69500B8CC52 /* Sources */,
				95A195E6229CB69500B8CC52 /* Frameworks */,
				95A195E7229CB69500B8CC52 /* CopyFiles */,
			);
			buildRules = (
			);
			dependencies = (
			);
			name = designPattern2;
			productName = designPattern2;
			productReference = 95A195E9229CB69500B8CC52 /* designPattern2 */;
			productType = "com.apple.product-type.tool";
		};
/* End PBXNativeTarget section */

/* Begin PBXProject section */
		95A195E1229CB69500B8CC52 /* Project object */ = {
			isa = PBXProject;
			attributes = {
				LastUpgradeCheck = 1020;
				ORGANIZATIONNAME = Wu.Alex;
				TargetAttributes = {
					95A195E8229CB69500B8CC52 = {
						CreatedOnToolsVersion = 10.2.1;
					};
				};
			};
			buildConfigurationList = 95A195E4229CB69500B8CC52 /* Build configuration list for PBXProject "designPattern2" */;
			compatibilityVersion = "Xcode 9.3";
			developmentRegion = en;
			hasScannedForEncodings = 0;
			knownRegions = (
				en,
			);
			mainGroup = 95A195E0229CB69500B8CC52;
			productRefGroup = 95A195EA229CB69500B8CC52 /* Products */;
			projectDirPath = "";
			projectRoot = "";
			targets = (
				95A195E8229CB69500B8CC52 /* designPattern2 */,
			);
		};
/* End PBXProject section */

/* Begin PBXSourcesBuildPhase section */
		95A195E5229CB69500B8CC52 /* Sources */ = {
			isa = PBXSourcesBuildPhase;
			buildActionMask = 2147483647;
			files = (
				9543CBB122A5CD080058558D /* testChainRP.cpp in Sources */,
				9578FB17229F5FC9008135B3 /* testFlyweight.cpp in Sources */,
				9543CBAB22A5CA9F0058558D /* testStrategyP.cpp in Sources */,
				95A195F9229CBB4F00B8CC52 /* testAP.cpp in Sources */,
				9578FB10229F5B22008135B3 /* testFP.cpp in Sources */,
				953CBE6722A0B1B2003868AB /* command.cpp in Sources */,
				9547E1C422A48C9D00DBF264 /* testSP.cpp in Sources */,
				9547E1C122A48C3A00DBF264 /* concrete_state.cpp in Sources */,
				953CBE6322A0ACD1003868AB /* testTMP.cpp in Sources */,
				955D30DC229F6F7700BF9583 /* testPP.cpp in Sources */,
				953CBE7B22A0B8DA003868AB /* testObserverP.cpp in Sources */,
				953CBE7022A0B54B003868AB /* invoker.cpp in Sources */,
				9547E1BB22A48A1700DBF264 /* testMementoP.cpp in Sources */,
				9547E1B422A4879E00DBF264 /* testMP.cpp in Sources */,
				95A19602229CD19C00B8CC52 /* testBF.cpp in Sources */,
				95A195ED229CB69500B8CC52 /* main.cpp in Sources */,
				95A19612229CD8B700B8CC52 /* testDP.cpp in Sources */,
				953CBE7322A0B5C8003868AB /* testCommandP.cpp in Sources */,
				953CBE6A22A0B21F003868AB /* receiver.cpp in Sources */,
				9543CBBA22A5CF7D0058558D /* testVP.cpp in Sources */,
				9547E1AB22A484A500DBF264 /* testIP.cpp in Sources */,
				95EE9F2A229E0F5500E2A21D /* testCPT.cpp in Sources */,
			);
			runOnlyForDeploymentPostprocessing = 0;
		};
/* End PBXSourcesBuildPhase section */

/* Begin XCBuildConfiguration section */
		95A195EE229CB69500B8CC52 /* Debug */ = {
			isa = XCBuildConfiguration;
			buildSettings = {
				ALWAYS_SEARCH_USER_PATHS = NO;
				CLANG_ANALYZER_NONNULL = YES;
				CLANG_ANALYZER_NUMBER_OBJECT_CONVERSION = YES_AGGRESSIVE;
				CLANG_CXX_LANGUAGE_STANDARD = "gnu++14";
				CLANG_CXX_LIBRARY = "libc++";
				CLANG_ENABLE_MODULES = YES;
				CLANG_ENABLE_OBJC_ARC = YES;
				CLANG_ENABLE_OBJC_WEAK = YES;
				CLANG_WARN_BLOCK_CAPTURE_AUTORELEASING = YES;
				CLANG_WARN_BOOL_CONVERSION = YES;
				CLANG_WARN_COMMA = YES;
				CLANG_WARN_CONSTANT_CONVERSION = YES;
				CLANG_WARN_DEPRECATED_OBJC_IMPLEMENTATIONS = YES;
				CLANG_WARN_DIRECT_OBJC_ISA_USAGE = YES_ERROR;
				CLANG_WARN_DOCUMENTATION_COMMENTS = YES;
				CLANG_WARN_EMPTY_BODY = YES;
				CLANG_WARN_ENUM_CONVERSION = YES;
				CLANG_WARN_INFINITE_RECURSION = YES;
				CLANG_WARN_INT_CONVERSION = YES;
				CLANG_WARN_NON_LITERAL_NULL_CONVERSION = YES;
				CLANG_WARN_OBJC_IMPLICIT_RETAIN_SELF = YES;
				CLANG_WARN_OBJC_LITERAL_CONVERSION = YES;
				CLANG_WARN_OBJC_ROOT_CLASS = YES_ERROR;
				CLANG_WARN_RANGE_LOOP_ANALYSIS = YES;
				CLANG_WARN_STRICT_PROTOTYPES = YES;
				CLANG_WARN_SUSPICIOUS_MOVE = YES;
				CLANG_WARN_UNGUARDED_AVAILABILITY = YES_AGGRESSIVE;
				CLANG_WARN_UNREACHABLE_CODE = YES;
				CLANG_WARN__DUPLICATE_METHOD_MATCH = YES;
				CODE_SIGN_IDENTITY = "-";
				COPY_PHASE_STRIP = NO;
				DEBUG_INFORMATION_FORMAT = dwarf;
				ENABLE_STRICT_OBJC_MSGSEND = YES;
				ENABLE_TESTABILITY = YES;
				GCC_C_LANGUAGE_STANDARD = gnu11;
				GCC_DYNAMIC_NO_PIC = NO;
				GCC_NO_COMMON_BLOCKS = YES;
				GCC_OPTIMIZATION_LEVEL = 0;
				GCC_PREPROCESSOR_DEFINITIONS = (
					"DEBUG=1",
					"$(inherited)",
				);
				GCC_WARN_64_TO_32_BIT_CONVERSION = YES;
				GCC_WARN_ABOUT_RETURN_TYPE = YES_ERROR;
				GCC_WARN_UNDECLARED_SELECTOR = YES;
				GCC_WARN_UNINITIALIZED_AUTOS = YES_AGGRESSIVE;
				GCC_WARN_UNUSED_FUNCTION = YES;
				GCC_WARN_UNUSED_VARIABLE = YES;
				MACOSX_DEPLOYMENT_TARGET = 10.14;
				MTL_ENABLE_DEBUG_INFO = INCLUDE_SOURCE;
				MTL_FAST_MATH = YES;
				ONLY_ACTIVE_ARCH = YES;
				SDKROOT = macosx;
			};
			name = Debug;
		};
		95A195EF229CB69500B8CC52 /* Release */ = {
			isa = XCBuildConfiguration;
			buildSettings = {
				ALWAYS_SEARCH_USER_PATHS = NO;
				CLANG_ANALYZER_NONNULL = YES;
				CLANG_ANALYZER_NUMBER_OBJECT_CONVERSION = YES_AGGRESSIVE;
				CLANG_CXX_LANGUAGE_STANDARD = "gnu++14";
				CLANG_CXX_LIBRARY = "libc++";
				CLANG_ENABLE_MODULES = YES;
				CLANG_ENABLE_OBJC_ARC = YES;
				CLANG_ENABLE_OBJC_WEAK = YES;
				CLANG_WARN_BLOCK_CAPTURE_AUTORELEASING = YES;
				CLANG_WARN_BOOL_CONVERSION = YES;
				CLANG_WARN_COMMA = YES;
				CLANG_WARN_CONSTANT_CONVERSION = YES;
				CLANG_WARN_DEPRECATED_OBJC_IMPLEMENTATIONS = YES;
				CLANG_WARN_DIRECT_OBJC_ISA_USAGE = YES_ERROR;
				CLANG_WARN_DOCUMENTATION_COMMENTS = YES;
				CLANG_WARN_EMPTY_BODY = YES;
				CLANG_WARN_ENUM_CONVERSION = YES;
				CLANG_WARN_INFINITE_RECURSION = YES;
				CLANG_WARN_INT_CONVERSION = YES;
				CLANG_WARN_NON_LITERAL_NULL_CONVERSION = YES;
				CLANG_WARN_OBJC_IMPLICIT_RETAIN_SELF = YES;
				CLANG_WARN_OBJC_LITERAL_CONVERSION = YES;
				CLANG_WARN_OBJC_ROOT_CLASS = YES_ERROR;
				CLANG_WARN_RANGE_LOOP_ANALYSIS = YES;
				CLANG_WARN_STRICT_PROTOTYPES = YES;
				CLANG_WARN_SUSPICIOUS_MOVE = YES;
				CLANG_WARN_UNGUARDED_AVAILABILITY = YES_AGGRESSIVE;
				CLANG_WARN_UNREACHABLE_CODE = YES;
				CLANG_WARN__DUPLICATE_METHOD_MATCH = YES;
				CODE_SIGN_IDENTITY = "-";
				COPY_PHASE_STRIP = NO;
				DEBUG_INFORMATION_FORMAT = "dwarf-with-dsym";
				ENABLE_NS_ASSERTIONS = NO;
				ENABLE_STRICT_OBJC_MSGSEND = YES;
				GCC_C_LANGUAGE_STANDARD = gnu11;
				GCC_NO_COMMON_BLOCKS = YES;
				GCC_WARN_64_TO_32_BIT_CONVERSION = YES;
				GCC_WARN_ABOUT_RETURN_TYPE = YES_ERROR;
				GCC_WARN_UNDECLARED_SELECTOR = YES;
				GCC_WARN_UNINITIALIZED_AUTOS = YES_AGGRESSIVE;
				GCC_WARN_UNUSED_FUNCTION = YES;
				GCC_WARN_UNUSED_VARIABLE = YES;
				MACOSX_DEPLOYMENT_TARGET = 10.14;
				MTL_ENABLE_DEBUG_INFO = NO;
				MTL_FAST_MATH = YES;
				SDKROOT = macosx;
			};
			name = Release;
		};
		95A195F1229CB69500B8CC52 /* Debug */ = {
			isa = XCBuildConfiguration;
			buildSettings = {
				CODE_SIGN_STYLE = Automatic;
				PRODUCT_NAME = "$(TARGET_NAME)";
			};
			name = Debug;
		};
		95A195F2229CB69500B8CC52 /* Release */ = {
			isa = XCBuildConfiguration;
			buildSettings = {
				CODE_SIGN_STYLE = Automatic;
				PRODUCT_NAME = "$(TARGET_NAME)";
			};
			name = Release;
		};
/* End XCBuildConfiguration section */

/* Begin XCConfigurationList section */
		95A195E4229CB69500B8CC52 /* Build configuration list for PBXProject "designPattern2" */ = {
			isa = XCConfigurationList;
			buildConfigurations = (
				95A195EE229CB69500B8CC52 /* Debug */,
				95A195EF229CB69500B8CC52 /* Release */,
			);
			defaultConfigurationIsVisible = 0;
			defaultConfigurationName = Release;
		};
		95A195F0229CB69500B8CC52 /* Build configuration list for PBXNativeTarget "designPattern2" */ = {
			isa = XCConfigurationList;
			buildConfigurations = (
				95A195F1229CB69500B8CC52 /* Debug */,
				95A195F2229CB69500B8CC52 /* Release */,
			);
			defaultConfigurationIsVisible = 0;
			defaultConfigurationName = Release;
		};
/* End XCConfigurationList section */
	};
	rootObject = 95A195E1229CB69500B8CC52 /* Project object */;
}
