// !$*UTF8*$!
{
	archiveVersion = 1;
	classes = {
	};
	objectVersion = 50;
	objects = {

/* Begin PBXBuildFile section */
		95A195ED229CB69500B8CC52 /* main.cpp in Sources */ = {isa = PBXBuildFile; fileRef = 95A195EC229CB69500B8CC52 /* main.cpp */; };
		95A195F9229CBB4F00B8CC52 /* testAP.cpp in Sources */ = {isa = PBXBuildFile; fileRef = 95A195F7229CBB4F00B8CC52 /* testAP.cpp */; };
/* End PBXBuildFile section */

/* Begin PBXCopyFilesBuildPhase section */
		95A195E7229CB69500B8CC52 /* CopyFiles */ = {
			isa = PBXCopyFilesBuildPhase;
			buildActionMask = 2147483647;
			dstPath = /usr/share/man/man1/;
			dstSubfolderSpec = 0;
			files = (
			);
			runOnlyForDeploymentPostprocessing = 1;
		};
/* End PBXCopyFilesBuildPhase section */

/* Begin PBXFileReference section */
		95A195E9229CB69500B8CC52 /* designPattern2 */ = {isa = PBXFileReference; explicitFileType = "compiled.mach-o.executable"; includeInIndex = 0; path = designPattern2; sourceTree = BUILT_PRODUCTS_DIR; };
		95A195EC229CB69500B8CC52 /* main.cpp */ = {isa = PBXFileReference; fileEncoding = 4; lastKnownFileType = sourcecode.cpp.cpp; lineEnding = 0; path = main.cpp; sourceTree = "<group>"; };
		95A195F4229CB85800B8CC52 /* target.h */ = {isa = PBXFileReference; lastKnownFileType = sourcecode.c.h; path = target.h; sourceTree = "<group>"; };
		95A195F5229CB8B400B8CC52 /* adaptee.h */ = {isa = PBXFileReference; lastKnownFileType = sourcecode.c.h; path = adaptee.h; sourceTree = "<group>"; };
		95A195F6229CB94300B8CC52 /* adapter.h */ = {isa = PBXFileReference; lastKnownFileType = sourcecode.c.h; path = adapter.h; sourceTree = "<group>"; };
		95A195F7229CBB4F00B8CC52 /* testAP.cpp */ = {isa = PBXFileReference; lastKnownFileType = sourcecode.cpp.cpp; path = testAP.cpp; sourceTree = "<group>"; };
		95A195F8229CBB4F00B8CC52 /* testAP.hpp */ = {isa = PBXFileReference; lastKnownFileType = sourcecode.cpp.h; path = testAP.hpp; sourceTree = "<group>"; };
/* End PBXFileReference section */

/* Begin PBXFrameworksBuildPhase section */
		95A195E6229CB69500B8CC52 /* Frameworks */ = {
			isa = PBXFrameworksBuildPhase;
			buildActionMask = 2147483647;
			files = (
			);
			runOnlyForDeploymentPostprocessing = 0;
		};
/* End PBXFrameworksBuildPhase section */

/* Begin PBXGroup section */
		95A195E0229CB69500B8CC52 = {
			isa = PBXGroup;
			children = (
				95A195EB229CB69500B8CC52 /* designPattern2 */,
				95A195EA229CB69500B8CC52 /* Products */,
			);
			sourceTree = "<group>";
		};
		95A195EA229CB69500B8CC52 /* Products */ = {
			isa = PBXGroup;
			children = (
				95A195E9229CB69500B8CC52 /* designPattern2 */,
			);
			name = Products;
			sourceTree = "<group>";
		};
		95A195EB229CB69500B8CC52 /* designPattern2 */ = {
			isa = PBXGroup;
			children = (
				95A195F3229CB82E00B8CC52 /* AdapterPattern */,
				95A195EC229CB69500B8CC52 /* main.cpp */,
			);
			path = designPattern2;
			sourceTree = "<group>";
		};
		95A195F3229CB82E00B8CC52 /* AdapterPattern */ = {
			isa = PBXGroup;
			children = (
				95A195F4229CB85800B8CC52 /* target.h */,
				95A195F5229CB8B400B8CC52 /* adaptee.h */,
				95A195F6229CB94300B8CC52 /* adapter.h */,
				95A195F7229CBB4F00B8CC52 /* testAP.cpp */,
				95A195F8229CBB4F00B8CC52 /* testAP.hpp */,
			);
			path = AdapterPattern;
			sourceTree = "<group>";
		};
/* End PBXGroup section */

/* Begin PBXNativeTarget section */
		95A195E8229CB69500B8CC52 /* designPattern2 */ = {
			isa = PBXNativeTarget;
			buildConfigurationList = 95A195F0229CB69500B8CC52 /* Build configuration list for PBXNativeTarget "designPattern2" */;
			buildPhases = (
				95A195E5229CB69500B8CC52 /* Sources */,
				95A195E6229CB69500B8CC52 /* Frameworks */,
				95A195E7229CB69500B8CC52 /* CopyFiles */,
			);
			buildRules = (
			);
			dependencies = (
			);
			name = designPattern2;
			productName = designPattern2;
			productReference = 95A195E9229CB69500B8CC52 /* designPattern2 */;
			productType = "com.apple.product-type.tool";
		};
/* End PBXNativeTarget section */

/* Begin PBXProject section */
		95A195E1229CB69500B8CC52 /* Project object */ = {
			isa = PBXProject;
			attributes = {
				LastUpgradeCheck = 1020;
				ORGANIZATIONNAME = Wu.Alex;
				TargetAttributes = {
					95A195E8229CB69500B8CC52 = {
						CreatedOnToolsVersion = 10.2.1;
					};
				};
			};
			buildConfigurationList = 95A195E4229CB69500B8CC52 /* Build configuration list for PBXProject "designPattern2" */;
			compatibilityVersion = "Xcode 9.3";
			developmentRegion = en;
			hasScannedForEncodings = 0;
			knownRegions = (
				en,
			);
			mainGroup = 95A195E0229CB69500B8CC52;
			productRefGroup = 95A195EA229CB69500B8CC52 /* Products */;
			projectDirPath = "";
			projectRoot = "";
			targets = (
				95A195E8229CB69500B8CC52 /* designPattern2 */,
			);
		};
/* End PBXProject section */

/* Begin PBXSourcesBuildPhase section */
		95A195E5229CB69500B8CC52 /* Sources */ = {
			isa = PBXSourcesBuildPhase;
			buildActionMask = 2147483647;
			files = (
				95A195F9229CBB4F00B8CC52 /* testAP.cpp in Sources */,
				95A195ED229CB69500B8CC52 /* main.cpp in Sources */,
			);
			runOnlyForDeploymentPostprocessing = 0;
		};
/* End PBXSourcesBuildPhase section */

/* Begin XCBuildConfiguration section */
		95A195EE229CB69500B8CC52 /* Debug */ = {
			isa = XCBuildConfiguration;
			buildSettings = {
				ALWAYS_SEARCH_USER_PATHS = NO;
				CLANG_ANALYZER_NONNULL = YES;
				CLANG_ANALYZER_NUMBER_OBJECT_CONVERSION = YES_AGGRESSIVE;
				CLANG_CXX_LANGUAGE_STANDARD = "gnu++14";
				CLANG_CXX_LIBRARY = "libc++";
				CLANG_ENABLE_MODULES = YES;
				CLANG_ENABLE_OBJC_ARC = YES;
				CLANG_ENABLE_OBJC_WEAK = YES;
				CLANG_WARN_BLOCK_CAPTURE_AUTORELEASING = YES;
				CLANG_WARN_BOOL_CONVERSION = YES;
				CLANG_WARN_COMMA = YES;
				CLANG_WARN_CONSTANT_CONVERSION = YES;
				CLANG_WARN_DEPRECATED_OBJC_IMPLEMENTATIONS = YES;
				CLANG_WARN_DIRECT_OBJC_ISA_USAGE = YES_ERROR;
				CLANG_WARN_DOCUMENTATION_COMMENTS = YES;
				CLANG_WARN_EMPTY_BODY = YES;
				CLANG_WARN_ENUM_CONVERSION = YES;
				CLANG_WARN_INFINITE_RECURSION = YES;
				CLANG_WARN_INT_CONVERSION = YES;
				CLANG_WARN_NON_LITERAL_NULL_CONVERSION = YES;
				CLANG_WARN_OBJC_IMPLICIT_RETAIN_SELF = YES;
				CLANG_WARN_OBJC_LITERAL_CONVERSION = YES;
				CLANG_WARN_OBJC_ROOT_CLASS = YES_ERROR;
				CLANG_WARN_RANGE_LOOP_ANALYSIS = YES;
				CLANG_WARN_STRICT_PROTOTYPES = YES;
				CLANG_WARN_SUSPICIOUS_MOVE = YES;
				CLANG_WARN_UNGUARDED_AVAILABILITY = YES_AGGRESSIVE;
				CLANG_WARN_UNREACHABLE_CODE = YES;
				CLANG_WARN__DUPLICATE_METHOD_MATCH = YES;
				CODE_SIGN_IDENTITY = "-";
				COPY_PHASE_STRIP = NO;
				DEBUG_INFORMATION_FORMAT = dwarf;
				ENABLE_STRICT_OBJC_MSGSEND = YES;
				ENABLE_TESTABILITY = YES;
				GCC_C_LANGUAGE_STANDARD = gnu11;
				GCC_DYNAMIC_NO_PIC = NO;
				GCC_NO_COMMON_BLOCKS = YES;
				GCC_OPTIMIZATION_LEVEL = 0;
				GCC_PREPROCESSOR_DEFINITIONS = (
					"DEBUG=1",
					"$(inherited)",
				);
				GCC_WARN_64_TO_32_BIT_CONVERSION = YES;
				GCC_WARN_ABOUT_RETURN_TYPE = YES_ERROR;
				GCC_WARN_UNDECLARED_SELECTOR = YES;
				GCC_WARN_UNINITIALIZED_AUTOS = YES_AGGRESSIVE;
				GCC_WARN_UNUSED_FUNCTION = YES;
				GCC_WARN_UNUSED_VARIABLE = YES;
				MACOSX_DEPLOYMENT_TARGET = 10.14;
				MTL_ENABLE_DEBUG_INFO = INCLUDE_SOURCE;
				MTL_FAST_MATH = YES;
				ONLY_ACTIVE_ARCH = YES;
				SDKROOT = macosx;
			};
			name = Debug;
		};
		95A195EF229CB69500B8CC52 /* Release */ = {
			isa = XCBuildConfiguration;
			buildSettings = {
				ALWAYS_SEARCH_USER_PATHS = NO;
				CLANG_ANALYZER_NONNULL = YES;
				CLANG_ANALYZER_NUMBER_OBJECT_CONVERSION = YES_AGGRESSIVE;
				CLANG_CXX_LANGUAGE_STANDARD = "gnu++14";
				CLANG_CXX_LIBRARY = "libc++";
				CLANG_ENABLE_MODULES = YES;
				CLANG_ENABLE_OBJC_ARC = YES;
				CLANG_ENABLE_OBJC_WEAK = YES;
				CLANG_WARN_BLOCK_CAPTURE_AUTORELEASING = YES;
				CLANG_WARN_BOOL_CONVERSION = YES;
				CLANG_WARN_COMMA = YES;
				CLANG_WARN_CONSTANT_CONVERSION = YES;
				CLANG_WARN_DEPRECATED_OBJC_IMPLEMENTATIONS = YES;
				CLANG_WARN_DIRECT_OBJC_ISA_USAGE = YES_ERROR;
				CLANG_WARN_DOCUMENTATION_COMMENTS = YES;
				CLANG_WARN_EMPTY_BODY = YES;
				CLANG_WARN_ENUM_CONVERSION = YES;
				CLANG_WARN_INFINITE_RECURSION = YES;
				CLANG_WARN_INT_CONVERSION = YES;
				CLANG_WARN_NON_LITERAL_NULL_CONVERSION = YES;
				CLANG_WARN_OBJC_IMPLICIT_RETAIN_SELF = YES;
				CLANG_WARN_OBJC_LITERAL_CONVERSION = YES;
				CLANG_WARN_OBJC_ROOT_CLASS = YES_ERROR;
				CLANG_WARN_RANGE_LOOP_ANALYSIS = YES;
				CLANG_WARN_STRICT_PROTOTYPES = YES;
				CLANG_WARN_SUSPICIOUS_MOVE = YES;
				CLANG_WARN_UNGUARDED_AVAILABILITY = YES_AGGRESSIVE;
				CLANG_WARN_UNREACHABLE_CODE = YES;
				CLANG_WARN__DUPLICATE_METHOD_MATCH = YES;
				CODE_SIGN_IDENTITY = "-";
				COPY_PHASE_STRIP = NO;
				DEBUG_INFORMATION_FORMAT = "dwarf-with-dsym";
				ENABLE_NS_ASSERTIONS = NO;
				ENABLE_STRICT_OBJC_MSGSEND = YES;
				GCC_C_LANGUAGE_STANDARD = gnu11;
				GCC_NO_COMMON_BLOCKS = YES;
				GCC_WARN_64_TO_32_BIT_CONVERSION = YES;
				GCC_WARN_ABOUT_RETURN_TYPE = YES_ERROR;
				GCC_WARN_UNDECLARED_SELECTOR = YES;
				GCC_WARN_UNINITIALIZED_AUTOS = YES_AGGRESSIVE;
				GCC_WARN_UNUSED_FUNCTION = YES;
				GCC_WARN_UNUSED_VARIABLE = YES;
				MACOSX_DEPLOYMENT_TARGET = 10.14;
				MTL_ENABLE_DEBUG_INFO = NO;
				MTL_FAST_MATH = YES;
				SDKROOT = macosx;
			};
			name = Release;
		};
		95A195F1229CB69500B8CC52 /* Debug */ = {
			isa = XCBuildConfiguration;
			buildSettings = {
				CODE_SIGN_STYLE = Automatic;
				PRODUCT_NAME = "$(TARGET_NAME)";
			};
			name = Debug;
		};
		95A195F2229CB69500B8CC52 /* Release */ = {
			isa = XCBuildConfiguration;
			buildSettings = {
				CODE_SIGN_STYLE = Automatic;
				PRODUCT_NAME = "$(TARGET_NAME)";
			};
			name = Release;
		};
/* End XCBuildConfiguration section */

/* Begin XCConfigurationList section */
		95A195E4229CB69500B8CC52 /* Build configuration list for PBXProject "designPattern2" */ = {
			isa = XCConfigurationList;
			buildConfigurations = (
				95A195EE229CB69500B8CC52 /* Debug */,
				95A195EF229CB69500B8CC52 /* Release */,
			);
			defaultConfigurationIsVisible = 0;
			defaultConfigurationName = Release;
		};
		95A195F0229CB69500B8CC52 /* Build configuration list for PBXNativeTarget "designPattern2" */ = {
			isa = XCConfigurationList;
			buildConfigurations = (
				95A195F1229CB69500B8CC52 /* Debug */,
				95A195F2229CB69500B8CC52 /* Release */,
			);
			defaultConfigurationIsVisible = 0;
			defaultConfigurationName = Release;
		};
/* End XCConfigurationList section */
	};
	rootObject = 95A195E1229CB69500B8CC52 /* Project object */;
}
